
Microsoft Visual Studio Solution File, Format Version 12.00
# Visual Studio Version 16
VisualStudioVersion = 16.0.28803.156
MinimumVisualStudioVersion = 10.0.40219.1
Project("{FAE04EC0-301F-11D3-BF4B-00C04F79EFBC}") = "CopyAnArray", "CopyAnArray\CopyAnArray.csproj", "{8B77714B-5288-4223-8957-F7BEDDCD0A7B}"
EndProject
Global
	GlobalSection(SolutionConfigurationPlatforms) = preSolution
		Debug|Any CPU = Debug|Any CPU
		Release|Any CPU = Release|Any CPU
	EndGlobalSection
	GlobalSection(ProjectConfigurationPlatforms) = postSolution
		{8B77714B-5288-4223-8957-F7BEDDCD0A7B}.Debug|Any CPU.ActiveCfg = Debug|Any CPU
		{8B77714B-5288-4223-8957-F7BEDDCD0A7B}.Debug|Any CPU.Build.0 = Debug|Any CPU
		{8B77714B-5288-4223-8957-F7BEDDCD0A7B}.Release|Any CPU.ActiveCfg = Release|Any CPU
		{8B77714B-5288-4223-8957-F7BEDDCD0A7B}.Release|Any CPU.Build.0 = Release|Any CPU
	EndGlobalSection
	GlobalSection(SolutionProperties) = preSolution
		HideSolutionNode = FALSE
	EndGlobalSection
	GlobalSection(ExtensibilityGlobals) = postSolution
		SolutionGuid = {0E0E1F67-3A61-45BB-8E9C-FF1745AE65FE}
	EndGlobalSection
EndGlobal
